
Microsoft Visual Studio Solution File, Format Version 12.00
# Visual Studio Version 16
VisualStudioVersion = 16.0.30711.63
MinimumVisualStudioVersion = 10.0.40219.1
Project("{FAE04EC0-301F-11D3-BF4B-00C04F79EFBC}") = "Assign1", "Assign1.csproj", "{48815A14-0AD2-45EE-8C96-AA0E7B0D38E7}"
EndProject
Global
	GlobalSection(SolutionConfigurationPlatforms) = preSolution
		Debug|Any CPU = Debug|Any CPU
		Release|Any CPU = Release|Any CPU
	EndGlobalSection
	GlobalSection(ProjectConfigurationPlatforms) = postSolution
		{48815A14-0AD2-45EE-8C96-AA0E7B0D38E7}.Debug|Any CPU.ActiveCfg = Debug|Any CPU
		{48815A14-0AD2-45EE-8C96-AA0E7B0D38E7}.Debug|Any CPU.Build.0 = Debug|Any CPU
		{48815A14-0AD2-45EE-8C96-AA0E7B0D38E7}.Release|Any CPU.ActiveCfg = Release|Any CPU
		{48815A14-0AD2-45EE-8C96-AA0E7B0D38E7}.Release|Any CPU.Build.0 = Release|Any CPU
	EndGlobalSection
	GlobalSection(SolutionProperties) = preSolution
		HideSolutionNode = FALSE
	EndGlobalSection
	GlobalSection(ExtensibilityGlobals) = postSolution
		SolutionGuid = {CD60253E-1F2C-4CE4-95F4-F6C409E29D5C}
	EndGlobalSection
EndGlobal
